// !$*UTF8*$!
{
	archiveVersion = 1;
	classes = {
	};
	objectVersion = 46;
	objects = {

/* Begin PBXBuildFile section */
		D1083AC01CE4E9B500CB332E /* DetailViewController.m in Sources */ = {isa = PBXBuildFile; fileRef = D1083ABF1CE4E9B500CB332E /* DetailViewController.m */; };
		D1083AC31CE57EA500CB332E /* AutobiographyViewController.m in Sources */ = {isa = PBXBuildFile; fileRef = D1083AC21CE57EA500CB332E /* AutobiographyViewController.m */; };
		D1083AC51CE5819700CB332E /* autobiography.txt in Resources */ = {isa = PBXBuildFile; fileRef = D1083AC41CE5819700CB332E /* autobiography.txt */; };
		D1083AC91CE59B4300CB332E /* ConnectionViewController.m in Sources */ = {isa = PBXBuildFile; fileRef = D1083AC81CE59B4300CB332E /* ConnectionViewController.m */; };
		D1083ACB1CE5BB7400CB332E /* MessageUI.framework in Frameworks */ = {isa = PBXBuildFile; fileRef = D1083ACA1CE5BB7400CB332E /* MessageUI.framework */; };
		D1083ACE1CE5CF2400CB332E /* SubDetailViewController.m in Sources */ = {isa = PBXBuildFile; fileRef = D1083ACD1CE5CF2400CB332E /* SubDetailViewController.m */; };
		D1083AD11CE764D100CB332E /* GitHubViewController.m in Sources */ = {isa = PBXBuildFile; fileRef = D1083AD01CE764D100CB332E /* GitHubViewController.m */; };
		D1083AD51CE786A400CB332E /* GitHubDetailViewController.m in Sources */ = {isa = PBXBuildFile; fileRef = D1083AD41CE786A400CB332E /* GitHubDetailViewController.m */; };
		D1083AD71CE82BC900CB332E /* sample.json in Resources */ = {isa = PBXBuildFile; fileRef = D1083AD61CE82BC900CB332E /* sample.json */; };
		D11EBDD31CE4C1AA0032E5B1 /* main.m in Sources */ = {isa = PBXBuildFile; fileRef = D11EBDD21CE4C1AA0032E5B1 /* main.m */; };
		D11EBDD61CE4C1AA0032E5B1 /* AppDelegate.m in Sources */ = {isa = PBXBuildFile; fileRef = D11EBDD51CE4C1AA0032E5B1 /* AppDelegate.m */; };
		D11EBDD91CE4C1AA0032E5B1 /* ViewController.m in Sources */ = {isa = PBXBuildFile; fileRef = D11EBDD81CE4C1AA0032E5B1 /* ViewController.m */; };
		D11EBDDE1CE4C1AA0032E5B1 /* Assets.xcassets in Resources */ = {isa = PBXBuildFile; fileRef = D11EBDDD1CE4C1AA0032E5B1 /* Assets.xcassets */; };
		D11EBDE11CE4C1AA0032E5B1 /* LaunchScreen.storyboard in Resources */ = {isa = PBXBuildFile; fileRef = D11EBDDF1CE4C1AA0032E5B1 /* LaunchScreen.storyboard */; };
		D11EBDEC1CE4C2680032E5B1 /* ResumeViewController.m in Sources */ = {isa = PBXBuildFile; fileRef = D11EBDE91CE4C2680032E5B1 /* ResumeViewController.m */; };
		D11EBDED1CE4C2680032E5B1 /* ResumeTableViewCell.m in Sources */ = {isa = PBXBuildFile; fileRef = D11EBDEB1CE4C2680032E5B1 /* ResumeTableViewCell.m */; };
/* End PBXBuildFile section */

/* Begin PBXFileReference section */
		D1083ABE1CE4E9B500CB332E /* DetailViewController.h */ = {isa = PBXFileReference; fileEncoding = 4; lastKnownFileType = sourcecode.c.h; path = DetailViewController.h; sourceTree = "<group>"; };
		D1083ABF1CE4E9B500CB332E /* DetailViewController.m */ = {isa = PBXFileReference; fileEncoding = 4; lastKnownFileType = sourcecode.c.objc; path = DetailViewController.m; sourceTree = "<group>"; };
		D1083AC11CE57EA500CB332E /* AutobiographyViewController.h */ = {isa = PBXFileReference; fileEncoding = 4; lastKnownFileType = sourcecode.c.h; path = AutobiographyViewController.h; sourceTree = "<group>"; };
		D1083AC21CE57EA500CB332E /* AutobiographyViewController.m */ = {isa = PBXFileReference; fileEncoding = 4; lastKnownFileType = sourcecode.c.objc; path = AutobiographyViewController.m; sourceTree = "<group>"; };
		D1083AC41CE5819700CB332E /* autobiography.txt */ = {isa = PBXFileReference; fileEncoding = 4; lastKnownFileType = text; path = autobiography.txt; sourceTree = "<group>"; };
		D1083AC71CE59B4300CB332E /* ConnectionViewController.h */ = {isa = PBXFileReference; fileEncoding = 4; lastKnownFileType = sourcecode.c.h; path = ConnectionViewController.h; sourceTree = "<group>"; };
		D1083AC81CE59B4300CB332E /* ConnectionViewController.m */ = {isa = PBXFileReference; fileEncoding = 4; lastKnownFileType = sourcecode.c.objc; path = ConnectionViewController.m; sourceTree = "<group>"; };
		D1083ACA1CE5BB7400CB332E /* MessageUI.framework */ = {isa = PBXFileReference; lastKnownFileType = wrapper.framework; name = MessageUI.framework; path = System/Library/Frameworks/MessageUI.framework; sourceTree = SDKROOT; };
		D1083ACC1CE5CF2400CB332E /* SubDetailViewController.h */ = {isa = PBXFileReference; fileEncoding = 4; lastKnownFileType = sourcecode.c.h; path = SubDetailViewController.h; sourceTree = "<group>"; };
		D1083ACD1CE5CF2400CB332E /* SubDetailViewController.m */ = {isa = PBXFileReference; fileEncoding = 4; lastKnownFileType = sourcecode.c.objc; path = SubDetailViewController.m; sourceTree = "<group>"; };
		D1083ACF1CE764D100CB332E /* GitHubViewController.h */ = {isa = PBXFileReference; fileEncoding = 4; lastKnownFileType = sourcecode.c.h; path = GitHubViewController.h; sourceTree = "<group>"; };
		D1083AD01CE764D100CB332E /* GitHubViewController.m */ = {isa = PBXFileReference; fileEncoding = 4; lastKnownFileType = sourcecode.c.objc; path = GitHubViewController.m; sourceTree = "<group>"; };
		D1083AD31CE786A400CB332E /* GitHubDetailViewController.h */ = {isa = PBXFileReference; fileEncoding = 4; lastKnownFileType = sourcecode.c.h; path = GitHubDetailViewController.h; sourceTree = "<group>"; };
		D1083AD41CE786A400CB332E /* GitHubDetailViewController.m */ = {isa = PBXFileReference; fileEncoding = 4; lastKnownFileType = sourcecode.c.objc; path = GitHubDetailViewController.m; sourceTree = "<group>"; };
		D1083AD61CE82BC900CB332E /* sample.json */ = {isa = PBXFileReference; fileEncoding = 4; lastKnownFileType = text.json; path = sample.json; sourceTree = "<group>"; };
		D11EBDCE1CE4C1AA0032E5B1 /* NickResume.app */ = {isa = PBXFileReference; explicitFileType = wrapper.application; includeInIndex = 0; path = NickResume.app; sourceTree = BUILT_PRODUCTS_DIR; };
		D11EBDD21CE4C1AA0032E5B1 /* main.m */ = {isa = PBXFileReference; lastKnownFileType = sourcecode.c.objc; path = main.m; sourceTree = "<group>"; };
		D11EBDD41CE4C1AA0032E5B1 /* AppDelegate.h */ = {isa = PBXFileReference; lastKnownFileType = sourcecode.c.h; path = AppDelegate.h; sourceTree = "<group>"; };
		D11EBDD51CE4C1AA0032E5B1 /* AppDelegate.m */ = {isa = PBXFileReference; lastKnownFileType = sourcecode.c.objc; path = AppDelegate.m; sourceTree = "<group>"; };
		D11EBDD71CE4C1AA0032E5B1 /* ViewController.h */ = {isa = PBXFileReference; lastKnownFileType = sourcecode.c.h; path = ViewController.h; sourceTree = "<group>"; };
		D11EBDD81CE4C1AA0032E5B1 /* ViewController.m */ = {isa = PBXFileReference; lastKnownFileType = sourcecode.c.objc; path = ViewController.m; sourceTree = "<group>"; };
		D11EBDDD1CE4C1AA0032E5B1 /* Assets.xcassets */ = {isa = PBXFileReference; lastKnownFileType = folder.assetcatalog; path = Assets.xcassets; sourceTree = "<group>"; };
		D11EBDE01CE4C1AA0032E5B1 /* Base */ = {isa = PBXFileReference; lastKnownFileType = file.storyboard; name = Base; path = Base.lproj/LaunchScreen.storyboard; sourceTree = "<group>"; };
		D11EBDE21CE4C1AA0032E5B1 /* Info.plist */ = {isa = PBXFileReference; lastKnownFileType = text.plist.xml; path = Info.plist; sourceTree = "<group>"; };
		D11EBDE81CE4C2680032E5B1 /* ResumeViewController.h */ = {isa = PBXFileReference; fileEncoding = 4; lastKnownFileType = sourcecode.c.h; path = ResumeViewController.h; sourceTree = "<group>"; };
		D11EBDE91CE4C2680032E5B1 /* ResumeViewController.m */ = {isa = PBXFileReference; fileEncoding = 4; lastKnownFileType = sourcecode.c.objc; path = ResumeViewController.m; sourceTree = "<group>"; };
		D11EBDEA1CE4C2680032E5B1 /* ResumeTableViewCell.h */ = {isa = PBXFileReference; fileEncoding = 4; lastKnownFileType = sourcecode.c.h; path = ResumeTableViewCell.h; sourceTree = "<group>"; };
		D11EBDEB1CE4C2680032E5B1 /* ResumeTableViewCell.m */ = {isa = PBXFileReference; fileEncoding = 4; lastKnownFileType = sourcecode.c.objc; path = ResumeTableViewCell.m; sourceTree = "<group>"; };
/* End PBXFileReference section */

/* Begin PBXFrameworksBuildPhase section */
		D11EBDCB1CE4C1AA0032E5B1 /* Frameworks */ = {
			isa = PBXFrameworksBuildPhase;
			buildActionMask = 2147483647;
			files = (
				D1083ACB1CE5BB7400CB332E /* MessageUI.framework in Frameworks */,
			);
			runOnlyForDeploymentPostprocessing = 0;
		};
/* End PBXFrameworksBuildPhase section */

/* Begin PBXGroup section */
		D1083AC61CE58AB400CB332E /* Autobiography */ = {
			isa = PBXGroup;
			children = (
				D1083AC11CE57EA500CB332E /* AutobiographyViewController.h */,
				D1083AC21CE57EA500CB332E /* AutobiographyViewController.m */,
				D1083AC41CE5819700CB332E /* autobiography.txt */,
			);
			name = Autobiography;
			sourceTree = "<group>";
		};
		D1083AD21CE764DB00CB332E /* GitHub */ = {
			isa = PBXGroup;
			children = (
				D1083ACF1CE764D100CB332E /* GitHubViewController.h */,
				D1083AD01CE764D100CB332E /* GitHubViewController.m */,
				D1083AD31CE786A400CB332E /* GitHubDetailViewController.h */,
				D1083AD41CE786A400CB332E /* GitHubDetailViewController.m */,
				D1083AD61CE82BC900CB332E /* sample.json */,
			);
			name = GitHub;
			sourceTree = "<group>";
		};
		D11EBDC51CE4C1AA0032E5B1 = {
			isa = PBXGroup;
			children = (
				D1083ACA1CE5BB7400CB332E /* MessageUI.framework */,
				D11EBDD01CE4C1AA0032E5B1 /* NickResume */,
				D11EBDCF1CE4C1AA0032E5B1 /* Products */,
			);
			sourceTree = "<group>";
		};
		D11EBDCF1CE4C1AA0032E5B1 /* Products */ = {
			isa = PBXGroup;
			children = (
				D11EBDCE1CE4C1AA0032E5B1 /* NickResume.app */,
			);
			name = Products;
			sourceTree = "<group>";
		};
		D11EBDD01CE4C1AA0032E5B1 /* NickResume */ = {
			isa = PBXGroup;
			children = (
				D11EBDD41CE4C1AA0032E5B1 /* AppDelegate.h */,
				D11EBDD51CE4C1AA0032E5B1 /* AppDelegate.m */,
				D11EBDD71CE4C1AA0032E5B1 /* ViewController.h */,
				D11EBDD81CE4C1AA0032E5B1 /* ViewController.m */,
				D11EBDEF1CE4C2960032E5B1 /* Resume */,
				D1083AC61CE58AB400CB332E /* Autobiography */,
				D1083AD21CE764DB00CB332E /* GitHub */,
				D11EBDDD1CE4C1AA0032E5B1 /* Assets.xcassets */,
				D11EBDDF1CE4C1AA0032E5B1 /* LaunchScreen.storyboard */,
				D11EBDE21CE4C1AA0032E5B1 /* Info.plist */,
				D11EBDD11CE4C1AA0032E5B1 /* Supporting Files */,
			);
			path = NickResume;
			sourceTree = "<group>";
		};
		D11EBDD11CE4C1AA0032E5B1 /* Supporting Files */ = {
			isa = PBXGroup;
			children = (
				D11EBDD21CE4C1AA0032E5B1 /* main.m */,
			);
			name = "Supporting Files";
			sourceTree = "<group>";
		};
		D11EBDEF1CE4C2960032E5B1 /* Resume */ = {
			isa = PBXGroup;
			children = (
				D11EBDE81CE4C2680032E5B1 /* ResumeViewController.h */,
				D11EBDE91CE4C2680032E5B1 /* ResumeViewController.m */,
				D11EBDEA1CE4C2680032E5B1 /* ResumeTableViewCell.h */,
				D11EBDEB1CE4C2680032E5B1 /* ResumeTableViewCell.m */,
				D1083ABE1CE4E9B500CB332E /* DetailViewController.h */,
				D1083ABF1CE4E9B500CB332E /* DetailViewController.m */,
				D1083ACC1CE5CF2400CB332E /* SubDetailViewController.h */,
				D1083ACD1CE5CF2400CB332E /* SubDetailViewController.m */,
				D1083AC71CE59B4300CB332E /* ConnectionViewController.h */,
				D1083AC81CE59B4300CB332E /* ConnectionViewController.m */,
			);
			name = Resume;
			sourceTree = "<group>";
		};
/* End PBXGroup section */

/* Begin PBXNativeTarget section */
		D11EBDCD1CE4C1AA0032E5B1 /* NickResume */ = {
			isa = PBXNativeTarget;
			buildConfigurationList = D11EBDE51CE4C1AA0032E5B1 /* Build configuration list for PBXNativeTarget "NickResume" */;
			buildPhases = (
				D11EBDCA1CE4C1AA0032E5B1 /* Sources */,
				D11EBDCB1CE4C1AA0032E5B1 /* Frameworks */,
				D11EBDCC1CE4C1AA0032E5B1 /* Resources */,
			);
			buildRules = (
			);
			dependencies = (
			);
			name = NickResume;
			productName = NickResume;
			productReference = D11EBDCE1CE4C1AA0032E5B1 /* NickResume.app */;
			productType = "com.apple.product-type.application";
		};
/* End PBXNativeTarget section */

/* Begin PBXProject section */
		D11EBDC61CE4C1AA0032E5B1 /* Project object */ = {
			isa = PBXProject;
			attributes = {
				LastUpgradeCheck = 0730;
				ORGANIZATIONNAME = TSENG;
				TargetAttributes = {
					D11EBDCD1CE4C1AA0032E5B1 = {
						CreatedOnToolsVersion = 7.3;
					};
				};
			};
			buildConfigurationList = D11EBDC91CE4C1AA0032E5B1 /* Build configuration list for PBXProject "NickResume" */;
			compatibilityVersion = "Xcode 3.2";
			developmentRegion = English;
			hasScannedForEncodings = 0;
			knownRegions = (
				en,
				Base,
			);
			mainGroup = D11EBDC51CE4C1AA0032E5B1;
			productRefGroup = D11EBDCF1CE4C1AA0032E5B1 /* Products */;
			projectDirPath = "";
			projectRoot = "";
			targets = (
				D11EBDCD1CE4C1AA0032E5B1 /* NickResume */,
			);
		};
/* End PBXProject section */

/* Begin PBXResourcesBuildPhase section */
		D11EBDCC1CE4C1AA0032E5B1 /* Resources */ = {
			isa = PBXResourcesBuildPhase;
			buildActionMask = 2147483647;
			files = (
				D1083AC51CE5819700CB332E /* autobiography.txt in Resources */,
				D1083AD71CE82BC900CB332E /* sample.json in Resources */,
				D11EBDE11CE4C1AA0032E5B1 /* LaunchScreen.storyboard in Resources */,
				D11EBDDE1CE4C1AA0032E5B1 /* Assets.xcassets in Resources */,
			);
			runOnlyForDeploymentPostprocessing = 0;
		};
/* End PBXResourcesBuildPhase section */

/* Begin PBXSourcesBuildPhase section */
		D11EBDCA1CE4C1AA0032E5B1 /* Sources */ = {
			isa = PBXSourcesBuildPhase;
			buildActionMask = 2147483647;
			files = (
				D11EBDED1CE4C2680032E5B1 /* ResumeTableViewCell.m in Sources */,
				D1083AC31CE57EA500CB332E /* AutobiographyViewController.m in Sources */,
				D1083AD51CE786A400CB332E /* GitHubDetailViewController.m in Sources */,
				D1083ACE1CE5CF2400CB332E /* SubDetailViewController.m in Sources */,
				D1083AD11CE764D100CB332E /* GitHubViewController.m in Sources */,
				D11EBDD91CE4C1AA0032E5B1 /* ViewController.m in Sources */,
				D11EBDEC1CE4C2680032E5B1 /* ResumeViewController.m in Sources */,
				D1083AC91CE59B4300CB332E /* ConnectionViewController.m in Sources */,
				D11EBDD61CE4C1AA0032E5B1 /* AppDelegate.m in Sources */,
				D11EBDD31CE4C1AA0032E5B1 /* main.m in Sources */,
				D1083AC01CE4E9B500CB332E /* DetailViewController.m in Sources */,
			);
			runOnlyForDeploymentPostprocessing = 0;
		};
/* End PBXSourcesBuildPhase section */

/* Begin PBXVariantGroup section */
		D11EBDDF1CE4C1AA0032E5B1 /* LaunchScreen.storyboard */ = {
			isa = PBXVariantGroup;
			children = (
				D11EBDE01CE4C1AA0032E5B1 /* Base */,
			);
			name = LaunchScreen.storyboard;
			sourceTree = "<group>";
		};
/* End PBXVariantGroup section */

/* Begin XCBuildConfiguration section */
		D11EBDE31CE4C1AA0032E5B1 /* Debug */ = {
			isa = XCBuildConfiguration;
			buildSettings = {
				ALWAYS_SEARCH_USER_PATHS = NO;
				CLANG_ANALYZER_NONNULL = YES;
				CLANG_CXX_LANGUAGE_STANDARD = "gnu++0x";
				CLANG_CXX_LIBRARY = "libc++";
				CLANG_ENABLE_MODULES = YES;
				CLANG_ENABLE_OBJC_ARC = YES;
				CLANG_WARN_BOOL_CONVERSION = YES;
				CLANG_WARN_CONSTANT_CONVERSION = YES;
				CLANG_WARN_DIRECT_OBJC_ISA_USAGE = YES_ERROR;
				CLANG_WARN_EMPTY_BODY = YES;
				CLANG_WARN_ENUM_CONVERSION = YES;
				CLANG_WARN_INT_CONVERSION = YES;
				CLANG_WARN_OBJC_ROOT_CLASS = YES_ERROR;
				CLANG_WARN_UNREACHABLE_CODE = YES;
				CLANG_WARN__DUPLICATE_METHOD_MATCH = YES;
				"CODE_SIGN_IDENTITY[sdk=iphoneos*]" = "iPhone Developer";
				COPY_PHASE_STRIP = NO;
				DEBUG_INFORMATION_FORMAT = dwarf;
				ENABLE_STRICT_OBJC_MSGSEND = YES;
				ENABLE_TESTABILITY = YES;
				GCC_C_LANGUAGE_STANDARD = gnu99;
				GCC_DYNAMIC_NO_PIC = NO;
				GCC_NO_COMMON_BLOCKS = YES;
				GCC_OPTIMIZATION_LEVEL = 0;
				GCC_PREPROCESSOR_DEFINITIONS = (
					"DEBUG=1",
					"$(inherited)",
				);
				GCC_WARN_64_TO_32_BIT_CONVERSION = YES;
				GCC_WARN_ABOUT_RETURN_TYPE = YES_ERROR;
				GCC_WARN_UNDECLARED_SELECTOR = YES;
				GCC_WARN_UNINITIALIZED_AUTOS = YES_AGGRESSIVE;
				GCC_WARN_UNUSED_FUNCTION = YES;
				GCC_WARN_UNUSED_VARIABLE = YES;
				IPHONEOS_DEPLOYMENT_TARGET = 9.3;
				MTL_ENABLE_DEBUG_INFO = YES;
				ONLY_ACTIVE_ARCH = YES;
				SDKROOT = iphoneos;
				TARGETED_DEVICE_FAMILY = "1,2";
			};
			name = Debug;
		};
		D11EBDE41CE4C1AA0032E5B1 /* Release */ = {
			isa = XCBuildConfiguration;
			buildSettings = {
				ALWAYS_SEARCH_USER_PATHS = NO;
				CLANG_ANALYZER_NONNULL = YES;
				CLANG_CXX_LANGUAGE_STANDARD = "gnu++0x";
				CLANG_CXX_LIBRARY = "libc++";
				CLANG_ENABLE_MODULES = YES;
				CLANG_ENABLE_OBJC_ARC = YES;
				CLANG_WARN_BOOL_CONVERSION = YES;
				CLANG_WARN_CONSTANT_CONVERSION = YES;
				CLANG_WARN_DIRECT_OBJC_ISA_USAGE = YES_ERROR;
				CLANG_WARN_EMPTY_BODY = YES;
				CLANG_WARN_ENUM_CONVERSION = YES;
				CLANG_WARN_INT_CONVERSION = YES;
				CLANG_WARN_OBJC_ROOT_CLASS = YES_ERROR;
				CLANG_WARN_UNREACHABLE_CODE = YES;
				CLANG_WARN__DUPLICATE_METHOD_MATCH = YES;
				"CODE_SIGN_IDENTITY[sdk=iphoneos*]" = "iPhone Developer";
				COPY_PHASE_STRIP = NO;
				DEBUG_INFORMATION_FORMAT = "dwarf-with-dsym";
				ENABLE_NS_ASSERTIONS = NO;
				ENABLE_STRICT_OBJC_MSGSEND = YES;
				GCC_C_LANGUAGE_STANDARD = gnu99;
				GCC_NO_COMMON_BLOCKS = YES;
				GCC_WARN_64_TO_32_BIT_CONVERSION = YES;
				GCC_WARN_ABOUT_RETURN_TYPE = YES_ERROR;
				GCC_WARN_UNDECLARED_SELECTOR = YES;
				GCC_WARN_UNINITIALIZED_AUTOS = YES_AGGRESSIVE;
				GCC_WARN_UNUSED_FUNCTION = YES;
				GCC_WARN_UNUSED_VARIABLE = YES;
				IPHONEOS_DEPLOYMENT_TARGET = 9.3;
				MTL_ENABLE_DEBUG_INFO = NO;
				SDKROOT = iphoneos;
				TARGETED_DEVICE_FAMILY = "1,2";
				VALIDATE_PRODUCT = YES;
			};
			name = Release;
		};
		D11EBDE61CE4C1AA0032E5B1 /* Debug */ = {
			isa = XCBuildConfiguration;
			buildSettings = {
				ASSETCATALOG_COMPILER_APPICON_NAME = AppIcon;
				INFOPLIST_FILE = NickResume/Info.plist;
				LD_RUNPATH_SEARCH_PATHS = "$(inherited) @executable_path/Frameworks";
				PRODUCT_BUNDLE_IDENTIFIER = "-.NickResume";
				PRODUCT_NAME = "$(TARGET_NAME)";
				TARGETED_DEVICE_FAMILY = 1;
			};
			name = Debug;
		};
		D11EBDE71CE4C1AA0032E5B1 /* Release */ = {
			isa = XCBuildConfiguration;
			buildSettings = {
				ASSETCATALOG_COMPILER_APPICON_NAME = AppIcon;
				INFOPLIST_FILE = NickResume/Info.plist;
				LD_RUNPATH_SEARCH_PATHS = "$(inherited) @executable_path/Frameworks";
				PRODUCT_BUNDLE_IDENTIFIER = "-.NickResume";
				PRODUCT_NAME = "$(TARGET_NAME)";
				TARGETED_DEVICE_FAMILY = 1;
			};
			name = Release;
		};
/* End XCBuildConfiguration section */

/* Begin XCConfigurationList section */
		D11EBDC91CE4C1AA0032E5B1 /* Build configuration list for PBXProject "NickResume" */ = {
			isa = XCConfigurationList;
			buildConfigurations = (
				D11EBDE31CE4C1AA0032E5B1 /* Debug */,
				D11EBDE41CE4C1AA0032E5B1 /* Release */,
			);
			defaultConfigurationIsVisible = 0;
			defaultConfigurationName = Release;
		};
		D11EBDE51CE4C1AA0032E5B1 /* Build configuration list for PBXNativeTarget "NickResume" */ = {
			isa = XCConfigurationList;
			buildConfigurations = (
				D11EBDE61CE4C1AA0032E5B1 /* Debug */,
				D11EBDE71CE4C1AA0032E5B1 /* Release */,
			);
			defaultConfigurationIsVisible = 0;
			defaultConfigurationName = Release;
		};
/* End XCConfigurationList section */
	};
	rootObject = D11EBDC61CE4C1AA0032E5B1 /* Project object */;
}
